
Microsoft Visual Studio Solution File, Format Version 12.00
# Visual Studio Version 17
VisualStudioVersion = 17.7.34024.191
MinimumVisualStudioVersion = 10.0.40219.1
Project("{FAE04EC0-301F-11D3-BF4B-00C04F79EFBC}") = "LABORATORIO5_EJERCICIO1", "LABORATORIO5_EJERCICIO1\LABORATORIO5_EJERCICIO1.csproj", "{CDD05073-4EBE-4FED-A9F0-4704FDAB434A}"
EndProject
Global
	GlobalSection(SolutionConfigurationPlatforms) = preSolution
		Debug|Any CPU = Debug|Any CPU
		Release|Any CPU = Release|Any CPU
	EndGlobalSection
	GlobalSection(ProjectConfigurationPlatforms) = postSolution
		{CDD05073-4EBE-4FED-A9F0-4704FDAB434A}.Debug|Any CPU.ActiveCfg = Debug|Any CPU
		{CDD05073-4EBE-4FED-A9F0-4704FDAB434A}.Debug|Any CPU.Build.0 = Debug|Any CPU
		{CDD05073-4EBE-4FED-A9F0-4704FDAB434A}.Release|Any CPU.ActiveCfg = Release|Any CPU
		{CDD05073-4EBE-4FED-A9F0-4704FDAB434A}.Release|Any CPU.Build.0 = Release|Any CPU
	EndGlobalSection
	GlobalSection(SolutionProperties) = preSolution
		HideSolutionNode = FALSE
	EndGlobalSection
	GlobalSection(ExtensibilityGlobals) = postSolution
		SolutionGuid = {1B69F0D7-0475-4F45-8478-9F31DBF04185}
	EndGlobalSection
EndGlobal
